
Microsoft Visual Studio Solution File, Format Version 12.00
# Visual Studio Version 17
VisualStudioVersion = 17.3.32804.467
MinimumVisualStudioVersion = 10.0.40219.1
Project("{FAE04EC0-301F-11D3-BF4B-00C04F79EFBC}") = "issue_api", "issue_api.csproj", "{61852E9D-DA3B-4314-A729-C4246D949DEA}"
EndProject
Global
	GlobalSection(SolutionConfigurationPlatforms) = preSolution
		Debug|Any CPU = Debug|Any CPU
		Release|Any CPU = Release|Any CPU
	EndGlobalSection
	GlobalSection(ProjectConfigurationPlatforms) = postSolution
		{61852E9D-DA3B-4314-A729-C4246D949DEA}.Debug|Any CPU.ActiveCfg = Debug|Any CPU
		{61852E9D-DA3B-4314-A729-C4246D949DEA}.Debug|Any CPU.Build.0 = Debug|Any CPU
		{61852E9D-DA3B-4314-A729-C4246D949DEA}.Release|Any CPU.ActiveCfg = Release|Any CPU
		{61852E9D-DA3B-4314-A729-C4246D949DEA}.Release|Any CPU.Build.0 = Release|Any CPU
	EndGlobalSection
	GlobalSection(SolutionProperties) = preSolution
		HideSolutionNode = FALSE
	EndGlobalSection
	GlobalSection(ExtensibilityGlobals) = postSolution
		SolutionGuid = {735328C8-FD5F-48ED-ADD0-7D16537D7715}
	EndGlobalSection
EndGlobal
